
Microsoft Visual Studio Solution File, Format Version 12.00
# Visual Studio Version 16
VisualStudioVersion = 16.0.29519.87
MinimumVisualStudioVersion = 10.0.40219.1
Project("{FAE04EC0-301F-11D3-BF4B-00C04F79EFBC}") = "Tiss.Web", "Tiss.Web\Tiss.Web.csproj", "{BA59B800-B1F7-4B7B-BBB5-737EE95859FE}"
EndProject
Project("{FAE04EC0-301F-11D3-BF4B-00C04F79EFBC}") = "Tiss.Core", "Tiss.Core\Tiss.Core.csproj", "{7D3EC247-6427-4C39-B31D-BF81C5ACE9DE}"
EndProject
Project("{FAE04EC0-301F-11D3-BF4B-00C04F79EFBC}") = "Tiss.Data", "Tiss.Data\Tiss.Data.csproj", "{DA3AB4DA-9F52-415A-8B95-E17042ECF76D}"
EndProject
Global
	GlobalSection(SolutionConfigurationPlatforms) = preSolution
		Debug|Any CPU = Debug|Any CPU
		Release|Any CPU = Release|Any CPU
	EndGlobalSection
	GlobalSection(ProjectConfigurationPlatforms) = postSolution
		{BA59B800-B1F7-4B7B-BBB5-737EE95859FE}.Debug|Any CPU.ActiveCfg = Debug|Any CPU
		{BA59B800-B1F7-4B7B-BBB5-737EE95859FE}.Debug|Any CPU.Build.0 = Debug|Any CPU
		{BA59B800-B1F7-4B7B-BBB5-737EE95859FE}.Release|Any CPU.ActiveCfg = Release|Any CPU
		{BA59B800-B1F7-4B7B-BBB5-737EE95859FE}.Release|Any CPU.Build.0 = Release|Any CPU
		{7D3EC247-6427-4C39-B31D-BF81C5ACE9DE}.Debug|Any CPU.ActiveCfg = Debug|Any CPU
		{7D3EC247-6427-4C39-B31D-BF81C5ACE9DE}.Debug|Any CPU.Build.0 = Debug|Any CPU
		{7D3EC247-6427-4C39-B31D-BF81C5ACE9DE}.Release|Any CPU.ActiveCfg = Release|Any CPU
		{7D3EC247-6427-4C39-B31D-BF81C5ACE9DE}.Release|Any CPU.Build.0 = Release|Any CPU
		{DA3AB4DA-9F52-415A-8B95-E17042ECF76D}.Debug|Any CPU.ActiveCfg = Debug|Any CPU
		{DA3AB4DA-9F52-415A-8B95-E17042ECF76D}.Debug|Any CPU.Build.0 = Debug|Any CPU
		{DA3AB4DA-9F52-415A-8B95-E17042ECF76D}.Release|Any CPU.ActiveCfg = Release|Any CPU
		{DA3AB4DA-9F52-415A-8B95-E17042ECF76D}.Release|Any CPU.Build.0 = Release|Any CPU
	EndGlobalSection
	GlobalSection(SolutionProperties) = preSolution
		HideSolutionNode = FALSE
	EndGlobalSection
	GlobalSection(ExtensibilityGlobals) = postSolution
		SolutionGuid = {8B4D67B5-E52F-4750-A2F4-CCC5F8479C4B}
	EndGlobalSection
EndGlobal
